
Microsoft Visual Studio Solution File, Format Version 12.00
# Visual Studio Version 17
VisualStudioVersion = 17.0.32014.148
MinimumVisualStudioVersion = 10.0.40219.1
Project("{FAE04EC0-301F-11D3-BF4B-00C04F79EFBC}") = "Assistant", "Assistant\Assistant.csproj", "{B8813F34-29F6-4876-9062-A50129AC8F37}"
EndProject
Global
	GlobalSection(SolutionConfigurationPlatforms) = preSolution
		Debug|Any CPU = Debug|Any CPU
		Release|Any CPU = Release|Any CPU
	EndGlobalSection
	GlobalSection(ProjectConfigurationPlatforms) = postSolution
		{B8813F34-29F6-4876-9062-A50129AC8F37}.Debug|Any CPU.ActiveCfg = Debug|Any CPU
		{B8813F34-29F6-4876-9062-A50129AC8F37}.Debug|Any CPU.Build.0 = Debug|Any CPU
		{B8813F34-29F6-4876-9062-A50129AC8F37}.Release|Any CPU.ActiveCfg = Release|Any CPU
		{B8813F34-29F6-4876-9062-A50129AC8F37}.Release|Any CPU.Build.0 = Release|Any CPU
	EndGlobalSection
	GlobalSection(SolutionProperties) = preSolution
		HideSolutionNode = FALSE
	EndGlobalSection
	GlobalSection(ExtensibilityGlobals) = postSolution
		SolutionGuid = {B30AF239-67B3-40A2-931F-341956E6FBC4}
	EndGlobalSection
EndGlobal
